Microsoft Visual Studio Solution File, Format Version 12.00
# Visual Studio Version 17
MinimumVisualStudioVersion = 10.0.40219.1
Project("{17b2b8e4-030d-4607-ace4-9004a6203486}") = "internal wire", "internal wire\internal wire.csproj", "{2d6a46c5-46f0-4ba9-b024-41b2c64b427d}"
EndProject

Global
	GlobalSection(SolutionConfigurationPlatforms) = preSolution
		Debug|Any CPU = Debug|Any CPU
		Release|Any CPU = Release|Any CPU
	EndGlobalSection
	GlobalSection(ProjectConfigurationPlatforms) = postSolution
		{2d6a46c5-46f0-4ba9-b024-41b2c64b427d}.Debug|Any CPU.ActiveCfg = Debug|Any CPU
		{2d6a46c5-46f0-4ba9-b024-41b2c64b427d}.Debug|Any CPU.Build.0 = Debug|Any CPU
		{2d6a46c5-46f0-4ba9-b024-41b2c64b427d}.Release|Any CPU.ActiveCfg = Release|Any CPU
		{2d6a46c5-46f0-4ba9-b024-41b2c64b427d}.Release|Any CPU.Build.0 = Release|Any CPU
	EndGlobalSection
EndGlobal
