Microsoft Visual Studio Solution File, Format Version 12.00
# Visual Studio Version 17
MinimumVisualStudioVersion = 10.0.40219.1
Project("{17b2b8e4-030d-4607-ace4-9004a6203486}") = "internal wire", "internal wire\internal wire.csproj", "{0ada8d3d-acf9-42dc-8a6a-f0239f0e8e30}"
EndProject

Global
	GlobalSection(SolutionConfigurationPlatforms) = preSolution
		Debug|Any CPU = Debug|Any CPU
		Release|Any CPU = Release|Any CPU
	EndGlobalSection
	GlobalSection(ProjectConfigurationPlatforms) = postSolution
		{0ada8d3d-acf9-42dc-8a6a-f0239f0e8e30}.Debug|Any CPU.ActiveCfg = Debug|Any CPU
		{0ada8d3d-acf9-42dc-8a6a-f0239f0e8e30}.Debug|Any CPU.Build.0 = Debug|Any CPU
		{0ada8d3d-acf9-42dc-8a6a-f0239f0e8e30}.Release|Any CPU.ActiveCfg = Release|Any CPU
		{0ada8d3d-acf9-42dc-8a6a-f0239f0e8e30}.Release|Any CPU.Build.0 = Release|Any CPU
	EndGlobalSection
EndGlobal
