Microsoft Visual Studio Solution File, Format Version 12.00
# Visual Studio Version 17
MinimumVisualStudioVersion = 10.0.40219.1
Project("{17b2b8e4-030d-4607-ace4-9004a6203486}") = "internal wire", "internal wire\internal wire.csproj", "{f3db10ba-3433-45d9-8ee6-3a892d37edcc}"
EndProject

Global
	GlobalSection(SolutionConfigurationPlatforms) = preSolution
		Debug|Any CPU = Debug|Any CPU
		Release|Any CPU = Release|Any CPU
	EndGlobalSection
	GlobalSection(ProjectConfigurationPlatforms) = postSolution
		{f3db10ba-3433-45d9-8ee6-3a892d37edcc}.Debug|Any CPU.ActiveCfg = Debug|Any CPU
		{f3db10ba-3433-45d9-8ee6-3a892d37edcc}.Debug|Any CPU.Build.0 = Debug|Any CPU
		{f3db10ba-3433-45d9-8ee6-3a892d37edcc}.Release|Any CPU.ActiveCfg = Release|Any CPU
		{f3db10ba-3433-45d9-8ee6-3a892d37edcc}.Release|Any CPU.Build.0 = Release|Any CPU
	EndGlobalSection
EndGlobal
