Microsoft Visual Studio Solution File, Format Version 12.00
# Visual Studio Version 17
MinimumVisualStudioVersion = 10.0.40219.1
Project("{17b2b8e4-030d-4607-ace4-9004a6203486}") = "internal wire", "internal wire\internal wire.csproj", "{602f9e71-ec48-40dd-8b99-4b08b1c03f98}"
EndProject

Global
	GlobalSection(SolutionConfigurationPlatforms) = preSolution
		Debug|Any CPU = Debug|Any CPU
		Release|Any CPU = Release|Any CPU
	EndGlobalSection
	GlobalSection(ProjectConfigurationPlatforms) = postSolution
		{602f9e71-ec48-40dd-8b99-4b08b1c03f98}.Debug|Any CPU.ActiveCfg = Debug|Any CPU
		{602f9e71-ec48-40dd-8b99-4b08b1c03f98}.Debug|Any CPU.Build.0 = Debug|Any CPU
		{602f9e71-ec48-40dd-8b99-4b08b1c03f98}.Release|Any CPU.ActiveCfg = Release|Any CPU
		{602f9e71-ec48-40dd-8b99-4b08b1c03f98}.Release|Any CPU.Build.0 = Release|Any CPU
	EndGlobalSection
EndGlobal
