Microsoft Visual Studio Solution File, Format Version 12.00
# Visual Studio Version 17
MinimumVisualStudioVersion = 10.0.40219.1
Project("{17b2b8e4-030d-4607-ace4-9004a6203486}") = "internal wire", "internal wire\internal wire.csproj", "{f369895b-ba4d-42dc-9981-6eec112d3883}"
EndProject

Global
	GlobalSection(SolutionConfigurationPlatforms) = preSolution
		Debug|Any CPU = Debug|Any CPU
		Release|Any CPU = Release|Any CPU
	EndGlobalSection
	GlobalSection(ProjectConfigurationPlatforms) = postSolution
		{f369895b-ba4d-42dc-9981-6eec112d3883}.Debug|Any CPU.ActiveCfg = Debug|Any CPU
		{f369895b-ba4d-42dc-9981-6eec112d3883}.Debug|Any CPU.Build.0 = Debug|Any CPU
		{f369895b-ba4d-42dc-9981-6eec112d3883}.Release|Any CPU.ActiveCfg = Release|Any CPU
		{f369895b-ba4d-42dc-9981-6eec112d3883}.Release|Any CPU.Build.0 = Release|Any CPU
	EndGlobalSection
EndGlobal
