Microsoft Visual Studio Solution File, Format Version 12.00
# Visual Studio Version 17
MinimumVisualStudioVersion = 10.0.40219.1
Project("{17b2b8e4-030d-4607-ace4-9004a6203486}") = "internal wire", "internal wire\internal wire.csproj", "{26b5b1c8-e144-4085-a794-5eb88f671e68}"
EndProject

Global
	GlobalSection(SolutionConfigurationPlatforms) = preSolution
		Debug|Any CPU = Debug|Any CPU
		Release|Any CPU = Release|Any CPU
	EndGlobalSection
	GlobalSection(ProjectConfigurationPlatforms) = postSolution
		{26b5b1c8-e144-4085-a794-5eb88f671e68}.Debug|Any CPU.ActiveCfg = Debug|Any CPU
		{26b5b1c8-e144-4085-a794-5eb88f671e68}.Debug|Any CPU.Build.0 = Debug|Any CPU
		{26b5b1c8-e144-4085-a794-5eb88f671e68}.Release|Any CPU.ActiveCfg = Release|Any CPU
		{26b5b1c8-e144-4085-a794-5eb88f671e68}.Release|Any CPU.Build.0 = Release|Any CPU
	EndGlobalSection
EndGlobal
