Microsoft Visual Studio Solution File, Format Version 12.00
# Visual Studio Version 17
MinimumVisualStudioVersion = 10.0.40219.1
Project("{17b2b8e4-030d-4607-ace4-9004a6203486}") = "internal wire", "internal wire\internal wire.csproj", "{9a69fed9-2fd6-48b8-b299-4fbb95b8faca}"
EndProject

Global
	GlobalSection(SolutionConfigurationPlatforms) = preSolution
		Debug|Any CPU = Debug|Any CPU
		Release|Any CPU = Release|Any CPU
	EndGlobalSection
	GlobalSection(ProjectConfigurationPlatforms) = postSolution
		{9a69fed9-2fd6-48b8-b299-4fbb95b8faca}.Debug|Any CPU.ActiveCfg = Debug|Any CPU
		{9a69fed9-2fd6-48b8-b299-4fbb95b8faca}.Debug|Any CPU.Build.0 = Debug|Any CPU
		{9a69fed9-2fd6-48b8-b299-4fbb95b8faca}.Release|Any CPU.ActiveCfg = Release|Any CPU
		{9a69fed9-2fd6-48b8-b299-4fbb95b8faca}.Release|Any CPU.Build.0 = Release|Any CPU
	EndGlobalSection
EndGlobal
