Microsoft Visual Studio Solution File, Format Version 12.00
# Visual Studio Version 17
MinimumVisualStudioVersion = 10.0.40219.1
Project("{17b2b8e4-030d-4607-ace4-9004a6203486}") = "internal wire", "internal wire\internal wire.csproj", "{7c7aa75d-fd3e-4600-ac67-99a6aaa1a430}"
EndProject

Global
	GlobalSection(SolutionConfigurationPlatforms) = preSolution
		Debug|Any CPU = Debug|Any CPU
		Release|Any CPU = Release|Any CPU
	EndGlobalSection
	GlobalSection(ProjectConfigurationPlatforms) = postSolution
		{7c7aa75d-fd3e-4600-ac67-99a6aaa1a430}.Debug|Any CPU.ActiveCfg = Debug|Any CPU
		{7c7aa75d-fd3e-4600-ac67-99a6aaa1a430}.Debug|Any CPU.Build.0 = Debug|Any CPU
		{7c7aa75d-fd3e-4600-ac67-99a6aaa1a430}.Release|Any CPU.ActiveCfg = Release|Any CPU
		{7c7aa75d-fd3e-4600-ac67-99a6aaa1a430}.Release|Any CPU.Build.0 = Release|Any CPU
	EndGlobalSection
EndGlobal
