Microsoft Visual Studio Solution File, Format Version 12.00
# Visual Studio Version 17
MinimumVisualStudioVersion = 10.0.40219.1
Project("{17b2b8e4-030d-4607-ace4-9004a6203486}") = "internal wire", "internal wire\internal wire.csproj", "{63a1823d-8901-458b-8689-1658a8802f3e}"
EndProject

Global
	GlobalSection(SolutionConfigurationPlatforms) = preSolution
		Debug|Any CPU = Debug|Any CPU
		Release|Any CPU = Release|Any CPU
	EndGlobalSection
	GlobalSection(ProjectConfigurationPlatforms) = postSolution
		{63a1823d-8901-458b-8689-1658a8802f3e}.Debug|Any CPU.ActiveCfg = Debug|Any CPU
		{63a1823d-8901-458b-8689-1658a8802f3e}.Debug|Any CPU.Build.0 = Debug|Any CPU
		{63a1823d-8901-458b-8689-1658a8802f3e}.Release|Any CPU.ActiveCfg = Release|Any CPU
		{63a1823d-8901-458b-8689-1658a8802f3e}.Release|Any CPU.Build.0 = Release|Any CPU
	EndGlobalSection
EndGlobal
